lockfileVersion: '9.0'
settings:
  autoInstallPeers: true
  excludeLinksFromLockfile: false
importers:
  .:
    dependencies:
      axios:
        specifier: 1.7.7
        version: 1.7.7
      chart.js:
        specifier: 4.4.4
        version: 4.4.4
      react:
        specifier: 18.3.1
        version: 18.3.1
      react-chartjs-2:
        specifier: 5.2.0
        version: 5.2.0
      react-dom:
        specifier: 18.3.1
        version: 18.3.1
      react-router-dom:
        specifier: 6.26.2
        version: 6.26.2
    devDependencies:
      '@types/react':
        specifier: 18.3.8
        version: 18.3.8
      '@types/react-dom':
        specifier: 18.3.0
        version: 18.3.0
      '@vitejs/plugin-react':
        specifier: 4.3.1
        version: 4.3.1
      autoprefixer:
        specifier: 10.4.20
        version: 10.4.20
      postcss:
        specifier: 8.4.47
        version: 8.4.47
      tailwindcss:
        specifier: 3.4.13
        version: 3.4.13
      typescript:
        specifier: 5.6.3
        version: 5.6.3
      vite:
        specifier: 5.4.8
        version: 5.4.8
packages: {}
